
Microsoft Visual Studio Solution File, Format Version 12.00
# Visual Studio Version 17
VisualStudioVersion = 17.1.32228.430
MinimumVisualStudioVersion = 10.0.40219.1
Project("{FAE04EC0-301F-11D3-BF4B-00C04F79EFBC}") = "Lab2", "Lab2\Lab2.csproj", "{0828B5B6-E1B7-4AD5-9AEB-6BC67CE155B3}"
EndProject
Global
	GlobalSection(SolutionConfigurationPlatforms) = preSolution
		Debug|Any CPU = Debug|Any CPU
		Release|Any CPU = Release|Any CPU
	EndGlobalSection
	GlobalSection(ProjectConfigurationPlatforms) = postSolution
		{0828B5B6-E1B7-4AD5-9AEB-6BC67CE155B3}.Debug|Any CPU.ActiveCfg = Debug|Any CPU
		{0828B5B6-E1B7-4AD5-9AEB-6BC67CE155B3}.Debug|Any CPU.Build.0 = Debug|Any CPU
		{0828B5B6-E1B7-4AD5-9AEB-6BC67CE155B3}.Release|Any CPU.ActiveCfg = Release|Any CPU
		{0828B5B6-E1B7-4AD5-9AEB-6BC67CE155B3}.Release|Any CPU.Build.0 = Release|Any CPU
	EndGlobalSection
	GlobalSection(SolutionProperties) = preSolution
		HideSolutionNode = FALSE
	EndGlobalSection
	GlobalSection(ExtensibilityGlobals) = postSolution
		SolutionGuid = {99E273FA-1567-4FD2-9FB7-E6C6AA3ADBB0}
	EndGlobalSection
EndGlobal
